// !$*UTF8*$!
{
	archiveVersion = 1;
	classes = {
	};
	objectVersion = 46;
	objects = {

/* Begin PBXBuildFile section */
		F32CFA751D5EDA4900C3305E /* AppDelegate.swift in Sources */ = {isa = PBXBuildFile; fileRef = F32CFA741D5EDA4900C3305E /* AppDelegate.swift */; };
		F32CFA771D5EDA4900C3305E /* ViewController.swift in Sources */ = {isa = PBXBuildFile; fileRef = F32CFA761D5EDA4900C3305E /* ViewController.swift */; };
		F32CFA7A1D5EDA4900C3305E /* Main.storyboard in Resources */ = {isa = PBXBuildFile; fileRef = F32CFA781D5EDA4900C3305E /* Main.storyboard */; };
		F32CFA7C1D5EDA4900C3305E /* Assets.xcassets in Resources */ = {isa = PBXBuildFile; fileRef = F32CFA7B1D5EDA4900C3305E /* Assets.xcassets */; };
		F32CFA7F1D5EDA4900C3305E /* LaunchScreen.storyboard in Resources */ = {isa = PBXBuildFile; fileRef = F32CFA7D1D5EDA4900C3305E /* LaunchScreen.storyboard */; };
/* End PBXBuildFile section */

/* Begin PBXFileReference section */
		F32CFA711D5EDA4900C3305E /* helloWorld.app */ = {isa = PBXFileReference; explicitFileType = wrapper.application; includeInIndex = 0; path = helloWorld.app; sourceTree = BUILT_PRODUCTS_DIR; };
		F32CFA741D5EDA4900C3305E /* AppDelegate.swift */ = {isa = PBXFileReference; lastKnownFileType = sourcecode.swift; path = AppDelegate.swift; sourceTree = "<group>"; };
		F32CFA761D5EDA4900C3305E /* ViewController.swift */ = {isa = PBXFileReference; lastKnownFileType = sourcecode.swift; path = ViewController.swift; sourceTree = "<group>"; };
		F32CFA791D5EDA4900C3305E /* Base */ = {isa = PBXFileReference; lastKnownFileType = file.storyboard; name = Base; path = Base.lproj/Main.storyboard; sourceTree = "<group>"; };
		F32CFA7B1D5EDA4900C3305E /* Assets.xcassets */ = {isa = PBXFileReference; lastKnownFileType = folder.assetcatalog; path = Assets.xcassets; sourceTree = "<group>"; };
		F32CFA7E1D5EDA4900C3305E /* Base */ = {isa = PBXFileReference; lastKnownFileType = file.storyboard; name = Base; path = Base.lproj/LaunchScreen.storyboard; sourceTree = "<group>"; };
		F32CFA801D5EDA4900C3305E /* Info.plist */ = {isa = PBXFileReference; lastKnownFileType = text.plist.xml; path = Info.plist; sourceTree = "<group>"; };
/* End PBXFileReference section */

/* Begin PBXFrameworksBuildPhase section */
		F32CFA6E1D5EDA4900C3305E /* Frameworks */ = {
			isa = PBXFrameworksBuildPhase;
			buildActionMask = 2147483647;
			files = (
			);
			runOnlyForDeploymentPostprocessing = 0;
		};
/* End PBXFrameworksBuildPhase section */

/* Begin PBXGroup section */
		F32CFA681D5EDA4900C3305E = {
			isa = PBXGroup;
			children = (
				F32CFA731D5EDA4900C3305E /* helloWorld */,
				F32CFA721D5EDA4900C3305E /* Products */,
			);
			sourceTree = "<group>";
		};
		F32CFA721D5EDA4900C3305E /* Products */ = {
			isa = PBXGroup;
			children = (
				F32CFA711D5EDA4900C3305E /* helloWorld.app */,
			);
			name = Products;
			sourceTree = "<group>";
		};
		F32CFA731D5EDA4900C3305E /* helloWorld */ = {
			isa = PBXGroup;
			children = (
				F32CFA741D5EDA4900C3305E /* AppDelegate.swift */,
				F32CFA761D5EDA4900C3305E /* ViewController.swift */,
				F32CFA781D5EDA4900C3305E /* Main.storyboard */,
				F32CFA7B1D5EDA4900C3305E /* Assets.xcassets */,
				F32CFA7D1D5EDA4900C3305E /* LaunchScreen.storyboard */,
				F32CFA801D5EDA4900C3305E /* Info.plist */,
			);
			path = helloWorld;
			sourceTree = "<group>";
		};
/* End PBXGroup section */

/* Begin PBXNativeTarget section */
		F32CFA701D5EDA4900C3305E /* helloWorld */ = {
			isa = PBXNativeTarget;
			buildConfigurationList = F32CFA831D5EDA4900C3305E /* Build configuration list for PBXNativeTarget "helloWorld" */;
			buildPhases = (
				F32CFA6D1D5EDA4900C3305E /* Sources */,
				F32CFA6E1D5EDA4900C3305E /* Frameworks */,
				F32CFA6F1D5EDA4900C3305E /* Resources */,
			);
			buildRules = (
			);
			dependencies = (
			);
			name = helloWorld;
			productName = helloWorld;
			productReference = F32CFA711D5EDA4900C3305E /* helloWorld.app */;
			productType = "com.apple.product-type.application";
		};
/* End PBXNativeTarget section */

/* Begin PBXProject section */
		F32CFA691D5EDA4900C3305E /* Project object */ = {
			isa = PBXProject;
			attributes = {
				LastSwiftUpdateCheck = 0730;
				LastUpgradeCheck = 0730;
				ORGANIZATIONNAME = "Arman Arbabaev";
				TargetAttributes = {
					F32CFA701D5EDA4900C3305E = {
						CreatedOnToolsVersion = 7.3.1;
					};
				};
			};
			buildConfigurationList = F32CFA6C1D5EDA4900C3305E /* Build configuration list for PBXProject "helloWorld" */;
			compatibilityVersion = "Xcode 3.2";
			developmentRegion = English;
			hasScannedForEncodings = 0;
			knownRegions = (
				en,
				Base,
			);
			mainGroup = F32CFA681D5EDA4900C3305E;
			productRefGroup = F32CFA721D5EDA4900C3305E /* Products */;
			projectDirPath = "";
			projectRoot = "";
			targets = (
				F32CFA701D5EDA4900C3305E /* helloWorld */,
			);
		};
/* End PBXProject section */

/* Begin PBXResourcesBuildPhase section */
		F32CFA6F1D5EDA4900C3305E /* Resources */ = {
			isa = PBXResourcesBuildPhase;
			buildActionMask = 2147483647;
			files = (
				F32CFA7F1D5EDA4900C3305E /* LaunchScreen.storyboard in Resources */,
				F32CFA7C1D5EDA4900C3305E /* Assets.xcassets in Resources */,
				F32CFA7A1D5EDA4900C3305E /* Main.storyboard in Resources */,
			);
			runOnlyForDeploymentPostprocessing = 0;
		};
/* End PBXResourcesBuildPhase section */

/* Begin PBXSourcesBuildPhase section */
		F32CFA6D1D5EDA4900C3305E /* Sources */ = {
			isa = PBXSourcesBuildPhase;
			buildActionMask = 2147483647;
			files = (
				F32CFA771D5EDA4900C3305E /* ViewController.swift in Sources */,
				F32CFA751D5EDA4900C3305E /* AppDelegate.swift in Sources */,
			);
			runOnlyForDeploymentPostprocessing = 0;
		};
/* End PBXSourcesBuildPhase section */

/* Begin PBXVariantGroup section */
		F32CFA781D5EDA4900C3305E /* Main.storyboard */ = {
			isa = PBXVariantGroup;
			children = (
				F32CFA791D5EDA4900C3305E /* Base */,
			);
			name = Main.storyboard;
			sourceTree = "<group>";
		};
		F32CFA7D1D5EDA4900C3305E /* LaunchScreen.storyboard */ = {
			isa = PBXVariantGroup;
			children = (
				F32CFA7E1D5EDA4900C3305E /* Base */,
			);
			name = LaunchScreen.storyboard;
			sourceTree = "<group>";
		};
/* End PBXVariantGroup section */

/* Begin XCBuildConfiguration section */
		F32CFA811D5EDA4900C3305E /* Debug */ = {
			isa = XCBuildConfiguration;
			buildSettings = {
				ALWAYS_SEARCH_USER_PATHS = NO;
				CLANG_ANALYZER_NONNULL = YES;
				CLANG_CXX_LANGUAGE_STANDARD = "gnu++0x";
				CLANG_CXX_LIBRARY = "libc++";
				CLANG_ENABLE_MODULES = YES;
				CLANG_ENABLE_OBJC_ARC = YES;
				CLANG_WARN_BOOL_CONVERSION = YES;
				CLANG_WARN_CONSTANT_CONVERSION = YES;
				CLANG_WARN_DIRECT_OBJC_ISA_USAGE = YES_ERROR;
				CLANG_WARN_EMPTY_BODY = YES;
				CLANG_WARN_ENUM_CONVERSION = YES;
				CLANG_WARN_INT_CONVERSION = YES;
				CLANG_WARN_OBJC_ROOT_CLASS = YES_ERROR;
				CLANG_WARN_UNREACHABLE_CODE = YES;
				CLANG_WARN__DUPLICATE_METHOD_MATCH = YES;
				"CODE_SIGN_IDENTITY[sdk=iphoneos*]" = "iPhone Developer";
				COPY_PHASE_STRIP = NO;
				DEBUG_INFORMATION_FORMAT = dwarf;
				ENABLE_STRICT_OBJC_MSGSEND = YES;
				ENABLE_TESTABILITY = YES;
				GCC_C_LANGUAGE_STANDARD = gnu99;
				GCC_DYNAMIC_NO_PIC = NO;
				GCC_NO_COMMON_BLOCKS = YES;
				GCC_OPTIMIZATION_LEVEL = 0;
				GCC_PREPROCESSOR_DEFINITIONS = (
					"DEBUG=1",
					"$(inherited)",
				);
				GCC_WARN_64_TO_32_BIT_CONVERSION = YES;
				GCC_WARN_ABOUT_RETURN_TYPE = YES_ERROR;
				GCC_WARN_UNDECLARED_SELECTOR = YES;
				GCC_WARN_UNINITIALIZED_AUTOS = YES_AGGRESSIVE;
				GCC_WARN_UNUSED_FUNCTION = YES;
				GCC_WARN_UNUSED_VARIABLE = YES;
				IPHONEOS_DEPLOYMENT_TARGET = 9.3;
				MTL_ENABLE_DEBUG_INFO = YES;
				ONLY_ACTIVE_ARCH = YES;
				SDKROOT = iphoneos;
				SWIFT_OPTIMIZATION_LEVEL = "-Onone";
				TARGETED_DEVICE_FAMILY = "1,2";
			};
			name = Debug;
		};
		F32CFA821D5EDA4900C3305E /* Release */ = {
			isa = XCBuildConfiguration;
			buildSettings = {
				ALWAYS_SEARCH_USER_PATHS = NO;
				CLANG_ANALYZER_NONNULL = YES;
				CLANG_CXX_LANGUAGE_STANDARD = "gnu++0x";
				CLANG_CXX_LIBRARY = "libc++";
				CLANG_ENABLE_MODULES = YES;
				CLANG_ENABLE_OBJC_ARC = YES;
				CLANG_WARN_BOOL_CONVERSION = YES;
				CLANG_WARN_CONSTANT_CONVERSION = YES;
				CLANG_WARN_DIRECT_OBJC_ISA_USAGE = YES_ERROR;
				CLANG_WARN_EMPTY_BODY = YES;
				CLANG_WARN_ENUM_CONVERSION = YES;
				CLANG_WARN_INT_CONVERSION = YES;
				CLANG_WARN_OBJC_ROOT_CLASS = YES_ERROR;
				CLANG_WARN_UNREACHABLE_CODE = YES;
				CLANG_WARN__DUPLICATE_METHOD_MATCH = YES;
				"CODE_SIGN_IDENTITY[sdk=iphoneos*]" = "iPhone Developer";
				COPY_PHASE_STRIP = NO;
				DEBUG_INFORMATION_FORMAT = "dwarf-with-dsym";
				ENABLE_NS_ASSERTIONS = NO;
				ENABLE_STRICT_OBJC_MSGSEND = YES;
				GCC_C_LANGUAGE_STANDARD = gnu99;
				GCC_NO_COMMON_BLOCKS = YES;
				GCC_WARN_64_TO_32_BIT_CONVERSION = YES;
				GCC_WARN_ABOUT_RETURN_TYPE = YES_ERROR;
				GCC_WARN_UNDECLARED_SELECTOR = YES;
				GCC_WARN_UNINITIALIZED_AUTOS = YES_AGGRESSIVE;
				GCC_WARN_UNUSED_FUNCTION = YES;
				GCC_WARN_UNUSED_VARIABLE = YES;
				IPHONEOS_DEPLOYMENT_TARGET = 9.3;
				MTL_ENABLE_DEBUG_INFO = NO;
				SDKROOT = iphoneos;
				TARGETED_DEVICE_FAMILY = "1,2";
				VALIDATE_PRODUCT = YES;
			};
			name = Release;
		};
		F32CFA841D5EDA4900C3305E /* Debug */ = {
			isa = XCBuildConfiguration;
			buildSettings = {
				ASSETCATALOG_COMPILER_APPICON_NAME = AppIcon;
				INFOPLIST_FILE = helloWorld/Info.plist;
				LD_RUNPATH_SEARCH_PATHS = "$(inherited) @executable_path/Frameworks";
				PRODUCT_BUNDLE_IDENTIFIER = AA.helloWorld;
				PRODUCT_NAME = "$(TARGET_NAME)";
			};
			name = Debug;
		};
		F32CFA851D5EDA4900C3305E /* Release */ = {
			isa = XCBuildConfiguration;
			buildSettings = {
				ASSETCATALOG_COMPILER_APPICON_NAME = AppIcon;
				INFOPLIST_FILE = helloWorld/Info.plist;
				LD_RUNPATH_SEARCH_PATHS = "$(inherited) @executable_path/Frameworks";
				PRODUCT_BUNDLE_IDENTIFIER = AA.helloWorld;
				PRODUCT_NAME = "$(TARGET_NAME)";
			};
			name = Release;
		};
/* End XCBuildConfiguration section */

/* Begin XCConfigurationList section */
		F32CFA6C1D5EDA4900C3305E /* Build configuration list for PBXProject "helloWorld" */ = {
			isa = XCConfigurationList;
			buildConfigurations = (
				F32CFA811D5EDA4900C3305E /* Debug */,
				F32CFA821D5EDA4900C3305E /* Release */,
			);
			defaultConfigurationIsVisible = 0;
			defaultConfigurationName = Release;
		};
		F32CFA831D5EDA4900C3305E /* Build configuration list for PBXNativeTarget "helloWorld" */ = {
			isa = XCConfigurationList;
			buildConfigurations = (
				F32CFA841D5EDA4900C3305E /* Debug */,
				F32CFA851D5EDA4900C3305E /* Release */,
			);
			defaultConfigurationIsVisible = 0;
		};
/* End XCConfigurationList section */
	};
	rootObject = F32CFA691D5EDA4900C3305E /* Project object */;
}
